
Microsoft Visual Studio Solution File, Format Version 12.00
# Visual Studio 15
VisualStudioVersion = 15.0.28307.168
MinimumVisualStudioVersion = 10.0.40219.1
Project("{888888A0-9F3D-457C-B088-3A5042F75D52}") = "AudioEngine_v0000_a", "AudioEngine_v0000_a\AudioEngine_v0000_a.pyproj", "{272DE244-7EE9-4C47-8CFC-E34FD2B71188}"
EndProject
Global
	GlobalSection(SolutionConfigurationPlatforms) = preSolution
		Debug|Any CPU = Debug|Any CPU
		Release|Any CPU = Release|Any CPU
	EndGlobalSection
	GlobalSection(ProjectConfigurationPlatforms) = postSolution
		{272DE244-7EE9-4C47-8CFC-E34FD2B71188}.Debug|Any CPU.ActiveCfg = Debug|Any CPU
		{272DE244-7EE9-4C47-8CFC-E34FD2B71188}.Release|Any CPU.ActiveCfg = Release|Any CPU
	EndGlobalSection
	GlobalSection(SolutionProperties) = preSolution
		HideSolutionNode = FALSE
	EndGlobalSection
	GlobalSection(ExtensibilityGlobals) = postSolution
		SolutionGuid = {EB19167A-7642-4356-AC66-99D629B600EC}
	EndGlobalSection
EndGlobal
