
Microsoft Visual Studio Solution File, Format Version 12.00
# Visual Studio 15
VisualStudioVersion = 15.0.28307.168
MinimumVisualStudioVersion = 10.0.40219.1
Project("{8BC9CEB8-8B4A-11D0-8D11-00A0C91BC942}") = "AL_Test", "AL_Test.vcxproj", "{ACDA8204-52A5-4524-A357-91BB97B60694}"
EndProject
Global
	GlobalSection(SolutionConfigurationPlatforms) = preSolution
		Debug|x64 = Debug|x64
		Debug|x86 = Debug|x86
		Release|x64 = Release|x64
		Release|x86 = Release|x86
	EndGlobalSection
	GlobalSection(ProjectConfigurationPlatforms) = postSolution
		{ACDA8204-52A5-4524-A357-91BB97B60694}.Debug|x64.ActiveCfg = Debug|x64
		{ACDA8204-52A5-4524-A357-91BB97B60694}.Debug|x64.Build.0 = Debug|x64
		{ACDA8204-52A5-4524-A357-91BB97B60694}.Debug|x86.ActiveCfg = Debug|Win32
		{ACDA8204-52A5-4524-A357-91BB97B60694}.Debug|x86.Build.0 = Debug|Win32
		{ACDA8204-52A5-4524-A357-91BB97B60694}.Release|x64.ActiveCfg = Release|x64
		{ACDA8204-52A5-4524-A357-91BB97B60694}.Release|x64.Build.0 = Release|x64
		{ACDA8204-52A5-4524-A357-91BB97B60694}.Release|x86.ActiveCfg = Release|Win32
		{ACDA8204-52A5-4524-A357-91BB97B60694}.Release|x86.Build.0 = Release|Win32
	EndGlobalSection
	GlobalSection(SolutionProperties) = preSolution
		HideSolutionNode = FALSE
	EndGlobalSection
	GlobalSection(ExtensibilityGlobals) = postSolution
		SolutionGuid = {85777160-D3D1-4ED4-8BEF-DF6B59C70802}
	EndGlobalSection
EndGlobal
